
Microsoft Visual Studio Solution File, Format Version 12.00
# Visual Studio Version 17
VisualStudioVersion = 17.6.33815.320
MinimumVisualStudioVersion = 10.0.40219.1
Project("{FAE04EC0-301F-11D3-BF4B-00C04F79EFBC}") = "Task_Intermedia", "Task_Intermedia\Task_Intermedia.csproj", "{B56366BC-25C4-477E-B908-5D74BACC1A93}"
EndProject
Global
	GlobalSection(SolutionConfigurationPlatforms) = preSolution
		Debug|Any CPU = Debug|Any CPU
		Release|Any CPU = Release|Any CPU
	EndGlobalSection
	GlobalSection(ProjectConfigurationPlatforms) = postSolution
		{B56366BC-25C4-477E-B908-5D74BACC1A93}.Debug|Any CPU.ActiveCfg = Debug|Any CPU
		{B56366BC-25C4-477E-B908-5D74BACC1A93}.Debug|Any CPU.Build.0 = Debug|Any CPU
		{B56366BC-25C4-477E-B908-5D74BACC1A93}.Release|Any CPU.ActiveCfg = Release|Any CPU
		{B56366BC-25C4-477E-B908-5D74BACC1A93}.Release|Any CPU.Build.0 = Release|Any CPU
	EndGlobalSection
	GlobalSection(SolutionProperties) = preSolution
		HideSolutionNode = FALSE
	EndGlobalSection
	GlobalSection(ExtensibilityGlobals) = postSolution
		SolutionGuid = {ED9DCEAB-C518-46C5-8D2F-97B0467E32FA}
	EndGlobalSection
EndGlobal
